github.com/SnapdragonPartners/maestro-llms v0.7.1 h1:2mK4SpIXLa2V5jNGfk3vuWx25w8FD9LoYronL5RBWJ0=
github.com/SnapdragonPartners/maestro-llms v0.7.1/go.mod h1:NzLOE7aVN2DpHVQ0y4W7qXyw1AO56clLyyoNoz4Vw3Y=
github.com/dslipak/pdf v0.0.2 h1:djAvcM5neg9Ush+zR6QXB+VMJzR6TdnX766HPIg1JmI=
github.com/dslipak/pdf v0.0.2/go.mod h1:2L3SnkI9cQwnAS9gfPz2iUoLC0rUZwbucpbKi5R1mUo=
golang.org/x/net v0.55.0 h1:bcvxaJn3e1U6InsFWt1JUq1aSjnRxLzT2rtD2KfkDF8=
golang.org/x/net v0.55.0/go.mod h1:L5U2KuzuOe1lY7Z+aWVIKK6qEeJXnXV9yzGA+WCHJww=
